
Microsoft Visual Studio Solution File, Format Version 12.00
# Visual Studio Version 16
VisualStudioVersion = 16.0.31129.286
MinimumVisualStudioVersion = 10.0.40219.1
Project("{FAE04EC0-301F-11D3-BF4B-00C04F79EFBC}") = "Задача 2", "Задача 2.csproj", "{339ACC20-63E9-496A-BA04-C315B191D6D9}"
EndProject
Global
	GlobalSection(SolutionConfigurationPlatforms) = preSolution
		Debug|Any CPU = Debug|Any CPU
		Release|Any CPU = Release|Any CPU
	EndGlobalSection
	GlobalSection(ProjectConfigurationPlatforms) = postSolution
		{339ACC20-63E9-496A-BA04-C315B191D6D9}.Debug|Any CPU.ActiveCfg = Debug|Any CPU
		{339ACC20-63E9-496A-BA04-C315B191D6D9}.Debug|Any CPU.Build.0 = Debug|Any CPU
		{339ACC20-63E9-496A-BA04-C315B191D6D9}.Release|Any CPU.ActiveCfg = Release|Any CPU
		{339ACC20-63E9-496A-BA04-C315B191D6D9}.Release|Any CPU.Build.0 = Release|Any CPU
	EndGlobalSection
	GlobalSection(SolutionProperties) = preSolution
		HideSolutionNode = FALSE
	EndGlobalSection
	GlobalSection(ExtensibilityGlobals) = postSolution
		SolutionGuid = {0183229A-40E2-42AB-91C4-17BAB5C4A057}
	EndGlobalSection
EndGlobal
